
Microsoft Visual Studio Solution File, Format Version 12.00
# Visual Studio Version 16
VisualStudioVersion = 16.0.31911.196
MinimumVisualStudioVersion = 10.0.40219.1
Project("{9A19103F-16F7-4668-BE54-9A1E7A4F7556}") = "TravelExpertsMVC", "TravelExpertsMVC\TravelExpertsMVC.csproj", "{FF57A9D5-B100-47B0-8484-6F0668CCA0F9}"
	ProjectSection(ProjectDependencies) = postProject
		{D78C593E-9103-4CFC-A1FA-56AD3094BF96} = {D78C593E-9103-4CFC-A1FA-56AD3094BF96}
	EndProjectSection
EndProject
Project("{FAE04EC0-301F-11D3-BF4B-00C04F79EFBC}") = "TravelExpertsData", "TravelExpertsData\TravelExpertsData.csproj", "{D78C593E-9103-4CFC-A1FA-56AD3094BF96}"
EndProject
Global
	GlobalSection(SolutionConfigurationPlatforms) = preSolution
		Debug|Any CPU = Debug|Any CPU
		Release|Any CPU = Release|Any CPU
	EndGlobalSection
	GlobalSection(ProjectConfigurationPlatforms) = postSolution
		{FF57A9D5-B100-47B0-8484-6F0668CCA0F9}.Debug|Any CPU.ActiveCfg = Debug|Any CPU
		{FF57A9D5-B100-47B0-8484-6F0668CCA0F9}.Debug|Any CPU.Build.0 = Debug|Any CPU
		{FF57A9D5-B100-47B0-8484-6F0668CCA0F9}.Release|Any CPU.ActiveCfg = Release|Any CPU
		{FF57A9D5-B100-47B0-8484-6F0668CCA0F9}.Release|Any CPU.Build.0 = Release|Any CPU
		{D78C593E-9103-4CFC-A1FA-56AD3094BF96}.Debug|Any CPU.ActiveCfg = Debug|Any CPU
		{D78C593E-9103-4CFC-A1FA-56AD3094BF96}.Debug|Any CPU.Build.0 = Debug|Any CPU
		{D78C593E-9103-4CFC-A1FA-56AD3094BF96}.Release|Any CPU.ActiveCfg = Release|Any CPU
		{D78C593E-9103-4CFC-A1FA-56AD3094BF96}.Release|Any CPU.Build.0 = Release|Any CPU
	EndGlobalSection
	GlobalSection(SolutionProperties) = preSolution
		HideSolutionNode = FALSE
	EndGlobalSection
	GlobalSection(ExtensibilityGlobals) = postSolution
		SolutionGuid = {3FCF2FA7-B296-4B17-933D-16A75D377CF4}
	EndGlobalSection
EndGlobal
